// !$*UTF8*$!
{
	archiveVersion = 1;
	classes = {
	};
	objectVersion = 48;
	objects = {

/* Begin PBXBuildFile section */
		A868A950222171C5000CCF8B /* DetailViewController.swift in Sources */ = {isa = PBXBuildFile; fileRef = A868A94F222171C5000CCF8B /* DetailViewController.swift */; };
		A868A952222171F4000CCF8B /* CircleProgressBar.swift in Sources */ = {isa = PBXBuildFile; fileRef = A868A951222171F4000CCF8B /* CircleProgressBar.swift */; };
		A8BFCC762222FBCE00A2037F /* Movie+CoreDataClass.swift in Sources */ = {isa = PBXBuildFile; fileRef = A8BFCC742222FBCE00A2037F /* Movie+CoreDataClass.swift */; };
		A8BFCC772222FBCE00A2037F /* Movie+CoreDataProperties.swift in Sources */ = {isa = PBXBuildFile; fileRef = A8BFCC752222FBCE00A2037F /* Movie+CoreDataProperties.swift */; };
		A8C38DB3221C600700D14E9A /* AppDelegate.swift in Sources */ = {isa = PBXBuildFile; fileRef = A8C38DB2221C600700D14E9A /* AppDelegate.swift */; };
		A8C38DB5221C600700D14E9A /* PopMoviesViewController.swift in Sources */ = {isa = PBXBuildFile; fileRef = A8C38DB4221C600700D14E9A /* PopMoviesViewController.swift */; };
		A8C38DB8221C600700D14E9A /* Main.storyboard in Resources */ = {isa = PBXBuildFile; fileRef = A8C38DB6221C600700D14E9A /* Main.storyboard */; };
		A8C38DBB221C600700D14E9A /* PopMovies.xcdatamodeld in Sources */ = {isa = PBXBuildFile; fileRef = A8C38DB9221C600700D14E9A /* PopMovies.xcdatamodeld */; };
		A8C38DBD221C600700D14E9A /* Assets.xcassets in Resources */ = {isa = PBXBuildFile; fileRef = A8C38DBC221C600700D14E9A /* Assets.xcassets */; };
		A8C38DC0221C600700D14E9A /* LaunchScreen.storyboard in Resources */ = {isa = PBXBuildFile; fileRef = A8C38DBE221C600700D14E9A /* LaunchScreen.storyboard */; };
		A8D77F3C221EDBB700410E0B /* MovieManager.swift in Sources */ = {isa = PBXBuildFile; fileRef = A8D77F3B221EDBB700410E0B /* MovieManager.swift */; };
		A8D77F42221EE58200410E0B /* Request.swift in Sources */ = {isa = PBXBuildFile; fileRef = A8D77F41221EE58200410E0B /* Request.swift */; };
		A8D77F44221EE76400410E0B /* PopMovies.swift in Sources */ = {isa = PBXBuildFile; fileRef = A8D77F43221EE76400410E0B /* PopMovies.swift */; };
		A8D77F4E221F0EAB00410E0B /* FilmCell.swift in Sources */ = {isa = PBXBuildFile; fileRef = A8D77F4D221F0EAB00410E0B /* FilmCell.swift */; };
		A8F59199222538D0005F88FA /* PopMoviesViewController+CollectionViewDelegate.swift in Sources */ = {isa = PBXBuildFile; fileRef = A8F59198222538D0005F88FA /* PopMoviesViewController+CollectionViewDelegate.swift */; };
		A8F5919B22253A10005F88FA /* PopMoviesViewController+CollectionViewDataSource.swift in Sources */ = {isa = PBXBuildFile; fileRef = A8F5919A22253A10005F88FA /* PopMoviesViewController+CollectionViewDataSource.swift */; };
		A8F5919D22253A9C005F88FA /* PopMoviesViewController+UICollectionViewDelegateFlowLayout.swift in Sources */ = {isa = PBXBuildFile; fileRef = A8F5919C22253A9C005F88FA /* PopMoviesViewController+UICollectionViewDelegateFlowLayout.swift */; };
		A8F591A12225444D005F88FA /* UIImageViewExtension.swift in Sources */ = {isa = PBXBuildFile; fileRef = A8F591A02225444D005F88FA /* UIImageViewExtension.swift */; };
/* End PBXBuildFile section */

/* Begin PBXFileReference section */
		A868A94F222171C5000CCF8B /* DetailViewController.swift */ = {isa = PBXFileReference; lastKnownFileType = sourcecode.swift; path = DetailViewController.swift; sourceTree = "<group>"; };
		A868A951222171F4000CCF8B /* CircleProgressBar.swift */ = {isa = PBXFileReference; lastKnownFileType = sourcecode.swift; path = CircleProgressBar.swift; sourceTree = "<group>"; };
		A8BFCC742222FBCE00A2037F /* Movie+CoreDataClass.swift */ = {isa = PBXFileReference; lastKnownFileType = sourcecode.swift; path = "Movie+CoreDataClass.swift"; sourceTree = "<group>"; };
		A8BFCC752222FBCE00A2037F /* Movie+CoreDataProperties.swift */ = {isa = PBXFileReference; lastKnownFileType = sourcecode.swift; path = "Movie+CoreDataProperties.swift"; sourceTree = "<group>"; };
		A8C38DAF221C600700D14E9A /* PopMovies.app */ = {isa = PBXFileReference; explicitFileType = wrapper.application; includeInIndex = 0; path = PopMovies.app; sourceTree = BUILT_PRODUCTS_DIR; };
		A8C38DB2221C600700D14E9A /* AppDelegate.swift */ = {isa = PBXFileReference; lastKnownFileType = sourcecode.swift; path = AppDelegate.swift; sourceTree = "<group>"; };
		A8C38DB4221C600700D14E9A /* PopMoviesViewController.swift */ = {isa = PBXFileReference; lastKnownFileType = sourcecode.swift; path = PopMoviesViewController.swift; sourceTree = "<group>"; };
		A8C38DB7221C600700D14E9A /* Base */ = {isa = PBXFileReference; lastKnownFileType = file.storyboard; name = Base; path = Base.lproj/Main.storyboard; sourceTree = "<group>"; };
		A8C38DBA221C600700D14E9A /* PopMovies.xcdatamodel */ = {isa = PBXFileReference; lastKnownFileType = wrapper.xcdatamodel; path = PopMovies.xcdatamodel; sourceTree = "<group>"; };
		A8C38DBC221C600700D14E9A /* Assets.xcassets */ = {isa = PBXFileReference; lastKnownFileType = folder.assetcatalog; path = Assets.xcassets; sourceTree = "<group>"; };
		A8C38DBF221C600700D14E9A /* Base */ = {isa = PBXFileReference; lastKnownFileType = file.storyboard; name = Base; path = Base.lproj/LaunchScreen.storyboard; sourceTree = "<group>"; };
		A8C38DC1221C600700D14E9A /* Info.plist */ = {isa = PBXFileReference; lastKnownFileType = text.plist.xml; path = Info.plist; sourceTree = "<group>"; };
		A8D77F3B221EDBB700410E0B /* MovieManager.swift */ = {isa = PBXFileReference; lastKnownFileType = sourcecode.swift; path = MovieManager.swift; sourceTree = "<group>"; };
		A8D77F41221EE58200410E0B /* Request.swift */ = {isa = PBXFileReference; lastKnownFileType = sourcecode.swift; path = Request.swift; sourceTree = "<group>"; };
		A8D77F43221EE76400410E0B /* PopMovies.swift */ = {isa = PBXFileReference; lastKnownFileType = sourcecode.swift; path = PopMovies.swift; sourceTree = "<group>"; };
		A8D77F4D221F0EAB00410E0B /* FilmCell.swift */ = {isa = PBXFileReference; lastKnownFileType = sourcecode.swift; path = FilmCell.swift; sourceTree = "<group>"; };
		A8F59198222538D0005F88FA /* PopMoviesViewController+CollectionViewDelegate.swift */ = {isa = PBXFileReference; lastKnownFileType = sourcecode.swift; path = "PopMoviesViewController+CollectionViewDelegate.swift"; sourceTree = "<group>"; };
		A8F5919A22253A10005F88FA /* PopMoviesViewController+CollectionViewDataSource.swift */ = {isa = PBXFileReference; lastKnownFileType = sourcecode.swift; path = "PopMoviesViewController+CollectionViewDataSource.swift"; sourceTree = "<group>"; };
		A8F5919C22253A9C005F88FA /* PopMoviesViewController+UICollectionViewDelegateFlowLayout.swift */ = {isa = PBXFileReference; lastKnownFileType = sourcecode.swift; path = "PopMoviesViewController+UICollectionViewDelegateFlowLayout.swift"; sourceTree = "<group>"; };
		A8F591A02225444D005F88FA /* UIImageViewExtension.swift */ = {isa = PBXFileReference; lastKnownFileType = sourcecode.swift; path = UIImageViewExtension.swift; sourceTree = "<group>"; };
/* End PBXFileReference section */

/* Begin PBXFrameworksBuildPhase section */
		A8C38DAC221C600700D14E9A /* Frameworks */ = {
			isa = PBXFrameworksBuildPhase;
			buildActionMask = 2147483647;
			files = (
			);
			runOnlyForDeploymentPostprocessing = 0;
		};
/* End PBXFrameworksBuildPhase section */

/* Begin PBXGroup section */
		A8BFCC782223064100A2037F /* Models */ = {
			isa = PBXGroup;
			children = (
				A8BFCC742222FBCE00A2037F /* Movie+CoreDataClass.swift */,
				A8BFCC752222FBCE00A2037F /* Movie+CoreDataProperties.swift */,
				A8D77F3B221EDBB700410E0B /* MovieManager.swift */,
				A8D77F41221EE58200410E0B /* Request.swift */,
				A8D77F43221EE76400410E0B /* PopMovies.swift */,
				A8C38DB9221C600700D14E9A /* PopMovies.xcdatamodeld */,
			);
			path = Models;
			sourceTree = "<group>";
		};
		A8BFCC792223065F00A2037F /* Controllers */ = {
			isa = PBXGroup;
			children = (
				A8C38DB4221C600700D14E9A /* PopMoviesViewController.swift */,
				A8F59198222538D0005F88FA /* PopMoviesViewController+CollectionViewDelegate.swift */,
				A8F5919A22253A10005F88FA /* PopMoviesViewController+CollectionViewDataSource.swift */,
				A8F5919C22253A9C005F88FA /* PopMoviesViewController+UICollectionViewDelegateFlowLayout.swift */,
				A868A94F222171C5000CCF8B /* DetailViewController.swift */,
			);
			path = Controllers;
			sourceTree = "<group>";
		};
		A8BFCC7A2223069200A2037F /* Views */ = {
			isa = PBXGroup;
			children = (
				A8D77F4D221F0EAB00410E0B /* FilmCell.swift */,
				A868A951222171F4000CCF8B /* CircleProgressBar.swift */,
				A8F591A02225444D005F88FA /* UIImageViewExtension.swift */,
			);
			path = Views;
			sourceTree = "<group>";
		};
		A8BFCC7B222306B700A2037F /* SupportFiles */ = {
			isa = PBXGroup;
			children = (
				A8C38DB2221C600700D14E9A /* AppDelegate.swift */,
				A8C38DB6221C600700D14E9A /* Main.storyboard */,
				A8C38DBC221C600700D14E9A /* Assets.xcassets */,
				A8C38DBE221C600700D14E9A /* LaunchScreen.storyboard */,
			);
			path = SupportFiles;
			sourceTree = "<group>";
		};
		A8C38DA6221C600700D14E9A = {
			isa = PBXGroup;
			children = (
				A8C38DB1221C600700D14E9A /* PopMovies */,
				A8C38DB0221C600700D14E9A /* Products */,
			);
			sourceTree = "<group>";
		};
		A8C38DB0221C600700D14E9A /* Products */ = {
			isa = PBXGroup;
			children = (
				A8C38DAF221C600700D14E9A /* PopMovies.app */,
			);
			name = Products;
			sourceTree = "<group>";
		};
		A8C38DB1221C600700D14E9A /* PopMovies */ = {
			isa = PBXGroup;
			children = (
				A8C38DC1221C600700D14E9A /* Info.plist */,
				A8BFCC7B222306B700A2037F /* SupportFiles */,
				A8BFCC7A2223069200A2037F /* Views */,
				A8BFCC792223065F00A2037F /* Controllers */,
				A8BFCC782223064100A2037F /* Models */,
			);
			path = PopMovies;
			sourceTree = "<group>";
		};
/* End PBXGroup section */

/* Begin PBXNativeTarget section */
		A8C38DAE221C600700D14E9A /* PopMovies */ = {
			isa = PBXNativeTarget;
			buildConfigurationList = A8C38DC4221C600700D14E9A /* Build configuration list for PBXNativeTarget "PopMovies" */;
			buildPhases = (
				A8C38DAB221C600700D14E9A /* Sources */,
				A8C38DAC221C600700D14E9A /* Frameworks */,
				A8C38DAD221C600700D14E9A /* Resources */,
			);
			buildRules = (
			);
			dependencies = (
			);
			name = PopMovies;
			productName = PopMovies;
			productReference = A8C38DAF221C600700D14E9A /* PopMovies.app */;
			productType = "com.apple.product-type.application";
		};
/* End PBXNativeTarget section */

/* Begin PBXProject section */
		A8C38DA7221C600700D14E9A /* Project object */ = {
			isa = PBXProject;
			attributes = {
				LastSwiftUpdateCheck = 0920;
				LastUpgradeCheck = 0920;
				ORGANIZATIONNAME = "Serhii PERKHUN";
				TargetAttributes = {
					A8C38DAE221C600700D14E9A = {
						CreatedOnToolsVersion = 9.2;
						ProvisioningStyle = Automatic;
					};
				};
			};
			buildConfigurationList = A8C38DAA221C600700D14E9A /* Build configuration list for PBXProject "PopMovies" */;
			compatibilityVersion = "Xcode 8.0";
			developmentRegion = en;
			hasScannedForEncodings = 0;
			knownRegions = (
				en,
				Base,
			);
			mainGroup = A8C38DA6221C600700D14E9A;
			productRefGroup = A8C38DB0221C600700D14E9A /* Products */;
			projectDirPath = "";
			projectRoot = "";
			targets = (
				A8C38DAE221C600700D14E9A /* PopMovies */,
			);
		};
/* End PBXProject section */

/* Begin PBXResourcesBuildPhase section */
		A8C38DAD221C600700D14E9A /* Resources */ = {
			isa = PBXResourcesBuildPhase;
			buildActionMask = 2147483647;
			files = (
				A8C38DC0221C600700D14E9A /* LaunchScreen.storyboard in Resources */,
				A8C38DBD221C600700D14E9A /* Assets.xcassets in Resources */,
				A8C38DB8221C600700D14E9A /* Main.storyboard in Resources */,
			);
			runOnlyForDeploymentPostprocessing = 0;
		};
/* End PBXResourcesBuildPhase section */

/* Begin PBXSourcesBuildPhase section */
		A8C38DAB221C600700D14E9A /* Sources */ = {
			isa = PBXSourcesBuildPhase;
			buildActionMask = 2147483647;
			files = (
				A8D77F4E221F0EAB00410E0B /* FilmCell.swift in Sources */,
				A8C38DB5221C600700D14E9A /* PopMoviesViewController.swift in Sources */,
				A8D77F3C221EDBB700410E0B /* MovieManager.swift in Sources */,
				A868A952222171F4000CCF8B /* CircleProgressBar.swift in Sources */,
				A8C38DB3221C600700D14E9A /* AppDelegate.swift in Sources */,
				A8BFCC772222FBCE00A2037F /* Movie+CoreDataProperties.swift in Sources */,
				A8D77F42221EE58200410E0B /* Request.swift in Sources */,
				A8F5919B22253A10005F88FA /* PopMoviesViewController+CollectionViewDataSource.swift in Sources */,
				A8F5919D22253A9C005F88FA /* PopMoviesViewController+UICollectionViewDelegateFlowLayout.swift in Sources */,
				A868A950222171C5000CCF8B /* DetailViewController.swift in Sources */,
				A8D77F44221EE76400410E0B /* PopMovies.swift in Sources */,
				A8F59199222538D0005F88FA /* PopMoviesViewController+CollectionViewDelegate.swift in Sources */,
				A8BFCC762222FBCE00A2037F /* Movie+CoreDataClass.swift in Sources */,
				A8F591A12225444D005F88FA /* UIImageViewExtension.swift in Sources */,
				A8C38DBB221C600700D14E9A /* PopMovies.xcdatamodeld in Sources */,
			);
			runOnlyForDeploymentPostprocessing = 0;
		};
/* End PBXSourcesBuildPhase section */

/* Begin PBXVariantGroup section */
		A8C38DB6221C600700D14E9A /* Main.storyboard */ = {
			isa = PBXVariantGroup;
			children = (
				A8C38DB7221C600700D14E9A /* Base */,
			);
			name = Main.storyboard;
			sourceTree = "<group>";
		};
		A8C38DBE221C600700D14E9A /* LaunchScreen.storyboard */ = {
			isa = PBXVariantGroup;
			children = (
				A8C38DBF221C600700D14E9A /* Base */,
			);
			name = LaunchScreen.storyboard;
			sourceTree = "<group>";
		};
/* End PBXVariantGroup section */

/* Begin XCBuildConfiguration section */
		A8C38DC2221C600700D14E9A /* Debug */ = {
			isa = XCBuildConfiguration;
			buildSettings = {
				ALWAYS_SEARCH_USER_PATHS = NO;
				CLANG_ANALYZER_NONNULL = YES;
				CLANG_ANALYZER_NUMBER_OBJECT_CONVERSION = YES_AGGRESSIVE;
				CLANG_CXX_LANGUAGE_STANDARD = "gnu++14";
				CLANG_CXX_LIBRARY = "libc++";
				CLANG_ENABLE_MODULES = YES;
				CLANG_ENABLE_OBJC_ARC = YES;
				CLANG_WARN_BLOCK_CAPTURE_AUTORELEASING = YES;
				CLANG_WARN_BOOL_CONVERSION = YES;
				CLANG_WARN_COMMA = YES;
				CLANG_WARN_CONSTANT_CONVERSION = YES;
				CLANG_WARN_DIRECT_OBJC_ISA_USAGE = YES_ERROR;
				CLANG_WARN_DOCUMENTATION_COMMENTS = YES;
				CLANG_WARN_EMPTY_BODY = YES;
				CLANG_WARN_ENUM_CONVERSION = YES;
				CLANG_WARN_INFINITE_RECURSION = YES;
				CLANG_WARN_INT_CONVERSION = YES;
				CLANG_WARN_NON_LITERAL_NULL_CONVERSION = YES;
				CLANG_WARN_OBJC_LITERAL_CONVERSION = YES;
				CLANG_WARN_OBJC_ROOT_CLASS = YES_ERROR;
				CLANG_WARN_RANGE_LOOP_ANALYSIS = YES;
				CLANG_WARN_STRICT_PROTOTYPES = YES;
				CLANG_WARN_SUSPICIOUS_MOVE = YES;
				CLANG_WARN_UNGUARDED_AVAILABILITY = YES_AGGRESSIVE;
				CLANG_WARN_UNREACHABLE_CODE = YES;
				CLANG_WARN__DUPLICATE_METHOD_MATCH = YES;
				CODE_SIGN_IDENTITY = "iPhone Developer";
				COPY_PHASE_STRIP = NO;
				DEBUG_INFORMATION_FORMAT = dwarf;
				ENABLE_STRICT_OBJC_MSGSEND = YES;
				ENABLE_TESTABILITY = YES;
				GCC_C_LANGUAGE_STANDARD = gnu11;
				GCC_DYNAMIC_NO_PIC = NO;
				GCC_NO_COMMON_BLOCKS = YES;
				GCC_OPTIMIZATION_LEVEL = 0;
				GCC_PREPROCESSOR_DEFINITIONS = (
					"DEBUG=1",
					"$(inherited)",
				);
				GCC_WARN_64_TO_32_BIT_CONVERSION = YES;
				GCC_WARN_ABOUT_RETURN_TYPE = YES_ERROR;
				GCC_WARN_UNDECLARED_SELECTOR = YES;
				GCC_WARN_UNINITIALIZED_AUTOS = YES_AGGRESSIVE;
				GCC_WARN_UNUSED_FUNCTION = YES;
				GCC_WARN_UNUSED_VARIABLE = YES;
				IPHONEOS_DEPLOYMENT_TARGET = 11.2;
				MTL_ENABLE_DEBUG_INFO = YES;
				ONLY_ACTIVE_ARCH = YES;
				SDKROOT = iphoneos;
				SWIFT_ACTIVE_COMPILATION_CONDITIONS = DEBUG;
				SWIFT_OPTIMIZATION_LEVEL = "-Onone";
			};
			name = Debug;
		};
		A8C38DC3221C600700D14E9A /* Release */ = {
			isa = XCBuildConfiguration;
			buildSettings = {
				ALWAYS_SEARCH_USER_PATHS = NO;
				CLANG_ANALYZER_NONNULL = YES;
				CLANG_ANALYZER_NUMBER_OBJECT_CONVERSION = YES_AGGRESSIVE;
				CLANG_CXX_LANGUAGE_STANDARD = "gnu++14";
				CLANG_CXX_LIBRARY = "libc++";
				CLANG_ENABLE_MODULES = YES;
				CLANG_ENABLE_OBJC_ARC = YES;
				CLANG_WARN_BLOCK_CAPTURE_AUTORELEASING = YES;
				CLANG_WARN_BOOL_CONVERSION = YES;
				CLANG_WARN_COMMA = YES;
				CLANG_WARN_CONSTANT_CONVERSION = YES;
				CLANG_WARN_DIRECT_OBJC_ISA_USAGE = YES_ERROR;
				CLANG_WARN_DOCUMENTATION_COMMENTS = YES;
				CLANG_WARN_EMPTY_BODY = YES;
				CLANG_WARN_ENUM_CONVERSION = YES;
				CLANG_WARN_INFINITE_RECURSION = YES;
				CLANG_WARN_INT_CONVERSION = YES;
				CLANG_WARN_NON_LITERAL_NULL_CONVERSION = YES;
				CLANG_WARN_OBJC_LITERAL_CONVERSION = YES;
				CLANG_WARN_OBJC_ROOT_CLASS = YES_ERROR;
				CLANG_WARN_RANGE_LOOP_ANALYSIS = YES;
				CLANG_WARN_STRICT_PROTOTYPES = YES;
				CLANG_WARN_SUSPICIOUS_MOVE = YES;
				CLANG_WARN_UNGUARDED_AVAILABILITY = YES_AGGRESSIVE;
				CLANG_WARN_UNREACHABLE_CODE = YES;
				CLANG_WARN__DUPLICATE_METHOD_MATCH = YES;
				CODE_SIGN_IDENTITY = "iPhone Developer";
				COPY_PHASE_STRIP = NO;
				DEBUG_INFORMATION_FORMAT = "dwarf-with-dsym";
				ENABLE_NS_ASSERTIONS = NO;
				ENABLE_STRICT_OBJC_MSGSEND = YES;
				GCC_C_LANGUAGE_STANDARD = gnu11;
				GCC_NO_COMMON_BLOCKS = YES;
				GCC_WARN_64_TO_32_BIT_CONVERSION = YES;
				GCC_WARN_ABOUT_RETURN_TYPE = YES_ERROR;
				GCC_WARN_UNDECLARED_SELECTOR = YES;
				GCC_WARN_UNINITIALIZED_AUTOS = YES_AGGRESSIVE;
				GCC_WARN_UNUSED_FUNCTION = YES;
				GCC_WARN_UNUSED_VARIABLE = YES;
				IPHONEOS_DEPLOYMENT_TARGET = 11.2;
				MTL_ENABLE_DEBUG_INFO = NO;
				SDKROOT = iphoneos;
				SWIFT_OPTIMIZATION_LEVEL = "-Owholemodule";
				VALIDATE_PRODUCT = YES;
			};
			name = Release;
		};
		A8C38DC5221C600700D14E9A /* Debug */ = {
			isa = XCBuildConfiguration;
			buildSettings = {
				ASSETCATALOG_COMPILER_APPICON_NAME = AppIcon;
				CODE_SIGN_STYLE = Automatic;
				INFOPLIST_FILE = PopMovies/Info.plist;
				LD_RUNPATH_SEARCH_PATHS = "$(inherited) @executable_path/Frameworks";
				PRODUCT_BUNDLE_IDENTIFIER = sperkhun.PopMovies;
				PRODUCT_NAME = "$(TARGET_NAME)";
				SWIFT_VERSION = 4.0;
				TARGETED_DEVICE_FAMILY = "1,2";
			};
			name = Debug;
		};
		A8C38DC6221C600700D14E9A /* Release */ = {
			isa = XCBuildConfiguration;
			buildSettings = {
				ASSETCATALOG_COMPILER_APPICON_NAME = AppIcon;
				CODE_SIGN_STYLE = Automatic;
				INFOPLIST_FILE = PopMovies/Info.plist;
				LD_RUNPATH_SEARCH_PATHS = "$(inherited) @executable_path/Frameworks";
				PRODUCT_BUNDLE_IDENTIFIER = sperkhun.PopMovies;
				PRODUCT_NAME = "$(TARGET_NAME)";
				SWIFT_VERSION = 4.0;
				TARGETED_DEVICE_FAMILY = "1,2";
			};
			name = Release;
		};
/* End XCBuildConfiguration section */

/* Begin XCConfigurationList section */
		A8C38DAA221C600700D14E9A /* Build configuration list for PBXProject "PopMovies" */ = {
			isa = XCConfigurationList;
			buildConfigurations = (
				A8C38DC2221C600700D14E9A /* Debug */,
				A8C38DC3221C600700D14E9A /* Release */,
			);
			defaultConfigurationIsVisible = 0;
			defaultConfigurationName = Release;
		};
		A8C38DC4221C600700D14E9A /* Build configuration list for PBXNativeTarget "PopMovies" */ = {
			isa = XCConfigurationList;
			buildConfigurations = (
				A8C38DC5221C600700D14E9A /* Debug */,
				A8C38DC6221C600700D14E9A /* Release */,
			);
			defaultConfigurationIsVisible = 0;
			defaultConfigurationName = Release;
		};
/* End XCConfigurationList section */

/* Begin XCVersionGroup section */
		A8C38DB9221C600700D14E9A /* PopMovies.xcdatamodeld */ = {
			isa = XCVersionGroup;
			children = (
				A8C38DBA221C600700D14E9A /* PopMovies.xcdatamodel */,
			);
			currentVersion = A8C38DBA221C600700D14E9A /* PopMovies.xcdatamodel */;
			path = PopMovies.xcdatamodeld;
			sourceTree = "<group>";
			versionGroupType = wrapper.xcdatamodel;
		};
/* End XCVersionGroup section */
	};
	rootObject = A8C38DA7221C600700D14E9A /* Project object */;
}
